// !$*UTF8*$!
{
	archiveVersion = 1;
	classes = {
	};
	objectVersion = 46;
	objects = {

/* Begin PBXBuildFile section */
		2E1C15D417E37CF400FAEC2C /* memtracker.c in Sources */ = {isa = PBXBuildFile; fileRef = 2E1C15D217E37CF400FAEC2C /* memtracker.c */; };
		2E4F152817E44CFB00DA7762 /* lodepng.c in Sources */ = {isa = PBXBuildFile; fileRef = 2E4F152617E44CFB00DA7762 /* lodepng.c */; };
		2E4F152B17E46B6F00DA7762 /* list.c in Sources */ = {isa = PBXBuildFile; fileRef = 2E4F152A17E46B6F00DA7762 /* list.c */; };
		2E8DA1FD17E83F1A00492158 /* utils.c in Sources */ = {isa = PBXBuildFile; fileRef = 2E8DA1FC17E83F1A00492158 /* utils.c */; };
		2EF47A8317E2089C0037E1ED /* main.c in Sources */ = {isa = PBXBuildFile; fileRef = 2EF47A8217E2089C0037E1ED /* main.c */; };
		2EF47A8D17E211750037E1ED /* btree.c in Sources */ = {isa = PBXBuildFile; fileRef = 2EF47A8C17E211750037E1ED /* btree.c */; };
/* End PBXBuildFile section */

/* Begin PBXCopyFilesBuildPhase section */
		2EF47A7D17E2089C0037E1ED /* CopyFiles */ = {
			isa = PBXCopyFilesBuildPhase;
			buildActionMask = 2147483647;
			dstPath = /usr/share/man/man1/;
			dstSubfolderSpec = 0;
			files = (
			);
			runOnlyForDeploymentPostprocessing = 1;
		};
/* End PBXCopyFilesBuildPhase section */

/* Begin PBXFileReference section */
		2E1C15D217E37CF400FAEC2C /* memtracker.c */ = {isa = PBXFileReference; fileEncoding = 4; lastKnownFileType = sourcecode.c.c; path = memtracker.c; sourceTree = "<group>"; };
		2E1C15D317E37CF400FAEC2C /* memtracker.h */ = {isa = PBXFileReference; fileEncoding = 4; lastKnownFileType = sourcecode.c.h; path = memtracker.h; sourceTree = "<group>"; };
		2E4F152617E44CFB00DA7762 /* lodepng.c */ = {isa = PBXFileReference; fileEncoding = 4; lastKnownFileType = sourcecode.c.c; path = lodepng.c; sourceTree = "<group>"; };
		2E4F152717E44CFB00DA7762 /* lodepng.h */ = {isa = PBXFileReference; fileEncoding = 4; lastKnownFileType = sourcecode.c.h; path = lodepng.h; sourceTree = "<group>"; };
		2E4F152917E452DD00DA7762 /* tinydir.h */ = {isa = PBXFileReference; lastKnownFileType = sourcecode.c.h; path = tinydir.h; sourceTree = "<group>"; };
		2E4F152A17E46B6F00DA7762 /* list.c */ = {isa = PBXFileReference; fileEncoding = 4; lastKnownFileType = sourcecode.c.c; path = list.c; sourceTree = "<group>"; };
		2E8DA1FC17E83F1A00492158 /* utils.c */ = {isa = PBXFileReference; fileEncoding = 4; lastKnownFileType = sourcecode.c.c; path = utils.c; sourceTree = "<group>"; };
		2EF47A7F17E2089C0037E1ED /* texturepacker */ = {isa = PBXFileReference; explicitFileType = "compiled.mach-o.executable"; includeInIndex = 0; path = texturepacker; sourceTree = BUILT_PRODUCTS_DIR; };
		2EF47A8217E2089C0037E1ED /* main.c */ = {isa = PBXFileReference; lastKnownFileType = sourcecode.c.c; path = main.c; sourceTree = "<group>"; };
		2EF47A8B17E208B50037E1ED /* texturepacker.h */ = {isa = PBXFileReference; lastKnownFileType = sourcecode.c.h; path = texturepacker.h; sourceTree = "<group>"; };
		2EF47A8C17E211750037E1ED /* btree.c */ = {isa = PBXFileReference; fileEncoding = 4; lastKnownFileType = sourcecode.c.c; path = btree.c; sourceTree = "<group>"; };
/* End PBXFileReference section */

/* Begin PBXFrameworksBuildPhase section */
		2EF47A7C17E2089C0037E1ED /* Frameworks */ = {
			isa = PBXFrameworksBuildPhase;
			buildActionMask = 2147483647;
			files = (
			);
			runOnlyForDeploymentPostprocessing = 0;
		};
/* End PBXFrameworksBuildPhase section */

/* Begin PBXGroup section */
		2EF47A7617E2089C0037E1ED = {
			isa = PBXGroup;
			children = (
				2EF47A8117E2089C0037E1ED /* texturepacker */,
				2EF47A8017E2089C0037E1ED /* Products */,
			);
			sourceTree = "<group>";
		};
		2EF47A8017E2089C0037E1ED /* Products */ = {
			isa = PBXGroup;
			children = (
				2EF47A7F17E2089C0037E1ED /* texturepacker */,
			);
			name = Products;
			sourceTree = "<group>";
		};
		2EF47A8117E2089C0037E1ED /* texturepacker */ = {
			isa = PBXGroup;
			children = (
				2E1C15D317E37CF400FAEC2C /* memtracker.h */,
				2E1C15D217E37CF400FAEC2C /* memtracker.c */,
				2E4F152917E452DD00DA7762 /* tinydir.h */,
				2E4F152717E44CFB00DA7762 /* lodepng.h */,
				2E4F152617E44CFB00DA7762 /* lodepng.c */,
				2EF47A8B17E208B50037E1ED /* texturepacker.h */,
				2E4F152A17E46B6F00DA7762 /* list.c */,
				2EF47A8C17E211750037E1ED /* btree.c */,
				2E8DA1FC17E83F1A00492158 /* utils.c */,
				2EF47A8217E2089C0037E1ED /* main.c */,
			);
			path = texturepacker;
			sourceTree = "<group>";
		};
/* End PBXGroup section */

/* Begin PBXNativeTarget section */
		2EF47A7E17E2089C0037E1ED /* texturepacker */ = {
			isa = PBXNativeTarget;
			buildConfigurationList = 2EF47A8817E2089C0037E1ED /* Build configuration list for PBXNativeTarget "texturepacker" */;
			buildPhases = (
				2EF47A7B17E2089C0037E1ED /* Sources */,
				2EF47A7C17E2089C0037E1ED /* Frameworks */,
				2EF47A7D17E2089C0037E1ED /* CopyFiles */,
			);
			buildRules = (
			);
			dependencies = (
			);
			name = texturepacker;
			productName = texturepacker;
			productReference = 2EF47A7F17E2089C0037E1ED /* texturepacker */;
			productType = "com.apple.product-type.tool";
		};
/* End PBXNativeTarget section */

/* Begin PBXProject section */
		2EF47A7717E2089C0037E1ED /* Project object */ = {
			isa = PBXProject;
			attributes = {
				LastUpgradeCheck = 0500;
				ORGANIZATIONNAME = Master.G;
			};
			buildConfigurationList = 2EF47A7A17E2089C0037E1ED /* Build configuration list for PBXProject "texturepacker" */;
			compatibilityVersion = "Xcode 3.2";
			developmentRegion = English;
			hasScannedForEncodings = 0;
			knownRegions = (
				en,
			);
			mainGroup = 2EF47A7617E2089C0037E1ED;
			productRefGroup = 2EF47A8017E2089C0037E1ED /* Products */;
			projectDirPath = "";
			projectRoot = "";
			targets = (
				2EF47A7E17E2089C0037E1ED /* texturepacker */,
			);
		};
/* End PBXProject section */

/* Begin PBXSourcesBuildPhase section */
		2EF47A7B17E2089C0037E1ED /* Sources */ = {
			isa = PBXSourcesBuildPhase;
			buildActionMask = 2147483647;
			files = (
				2EF47A8317E2089C0037E1ED /* main.c in Sources */,
				2EF47A8D17E211750037E1ED /* btree.c in Sources */,
				2E1C15D417E37CF400FAEC2C /* memtracker.c in Sources */,
				2E4F152817E44CFB00DA7762 /* lodepng.c in Sources */,
				2E4F152B17E46B6F00DA7762 /* list.c in Sources */,
				2E8DA1FD17E83F1A00492158 /* utils.c in Sources */,
			);
			runOnlyForDeploymentPostprocessing = 0;
		};
/* End PBXSourcesBuildPhase section */

/* Begin XCBuildConfiguration section */
		2EF47A8617E2089C0037E1ED /* Debug */ = {
			isa = XCBuildConfiguration;
			buildSettings = {
				ALWAYS_SEARCH_USER_PATHS = NO;
				CLANG_CXX_LANGUAGE_STANDARD = "gnu++0x";
				CLANG_CXX_LIBRARY = "libc++";
				CLANG_WARN_CONSTANT_CONVERSION = YES;
				CLANG_WARN_EMPTY_BODY = YES;
				CLANG_WARN_ENUM_CONVERSION = YES;
				CLANG_WARN_INT_CONVERSION = YES;
				CLANG_WARN__DUPLICATE_METHOD_MATCH = YES;
				COPY_PHASE_STRIP = NO;
				GCC_C_LANGUAGE_STANDARD = gnu99;
				GCC_DYNAMIC_NO_PIC = NO;
				GCC_ENABLE_OBJC_EXCEPTIONS = YES;
				GCC_OPTIMIZATION_LEVEL = 0;
				GCC_PREPROCESSOR_DEFINITIONS = (
					"DEBUG=1",
					"$(inherited)",
				);
				GCC_SYMBOLS_PRIVATE_EXTERN = NO;
				GCC_WARN_64_TO_32_BIT_CONVERSION = YES;
				GCC_WARN_ABOUT_RETURN_TYPE = YES;
				GCC_WARN_UNINITIALIZED_AUTOS = YES;
				GCC_WARN_UNUSED_VARIABLE = YES;
				MACOSX_DEPLOYMENT_TARGET = 10.8;
				ONLY_ACTIVE_ARCH = YES;
				OTHER_CFLAGS = (
					"-pedantic",
					"-ansi",
				);
				SDKROOT = macosx;
			};
			name = Debug;
		};
		2EF47A8717E2089C0037E1ED /* Release */ = {
			isa = XCBuildConfiguration;
			buildSettings = {
				ALWAYS_SEARCH_USER_PATHS = NO;
				CLANG_CXX_LANGUAGE_STANDARD = "gnu++0x";
				CLANG_CXX_LIBRARY = "libc++";
				CLANG_WARN_CONSTANT_CONVERSION = YES;
				CLANG_WARN_EMPTY_BODY = YES;
				CLANG_WARN_ENUM_CONVERSION = YES;
				CLANG_WARN_INT_CONVERSION = YES;
				CLANG_WARN__DUPLICATE_METHOD_MATCH = YES;
				COPY_PHASE_STRIP = YES;
				DEBUG_INFORMATION_FORMAT = "dwarf-with-dsym";
				GCC_C_LANGUAGE_STANDARD = gnu99;
				GCC_ENABLE_OBJC_EXCEPTIONS = YES;
				GCC_WARN_64_TO_32_BIT_CONVERSION = YES;
				GCC_WARN_ABOUT_RETURN_TYPE = YES;
				GCC_WARN_UNINITIALIZED_AUTOS = YES;
				GCC_WARN_UNUSED_VARIABLE = YES;
				MACOSX_DEPLOYMENT_TARGET = 10.8;
				OTHER_CFLAGS = (
					"-pedantic",
					"-ansi",
				);
				SDKROOT = macosx;
			};
			name = Release;
		};
		2EF47A8917E2089C0037E1ED /* Debug */ = {
			isa = XCBuildConfiguration;
			buildSettings = {
				PRODUCT_NAME = "$(TARGET_NAME)";
			};
			name = Debug;
		};
		2EF47A8A17E2089C0037E1ED /* Release */ = {
			isa = XCBuildConfiguration;
			buildSettings = {
				PRODUCT_NAME = "$(TARGET_NAME)";
			};
			name = Release;
		};
/* End XCBuildConfiguration section */

/* Begin XCConfigurationList section */
		2EF47A7A17E2089C0037E1ED /* Build configuration list for PBXProject "texturepacker" */ = {
			isa = XCConfigurationList;
			buildConfigurations = (
				2EF47A8617E2089C0037E1ED /* Debug */,
				2EF47A8717E2089C0037E1ED /* Release */,
			);
			defaultConfigurationIsVisible = 0;
			defaultConfigurationName = Release;
		};
		2EF47A8817E2089C0037E1ED /* Build configuration list for PBXNativeTarget "texturepacker" */ = {
			isa = XCConfigurationList;
			buildConfigurations = (
				2EF47A8917E2089C0037E1ED /* Debug */,
				2EF47A8A17E2089C0037E1ED /* Release */,
			);
			defaultConfigurationIsVisible = 0;
			defaultConfigurationName = Release;
		};
/* End XCConfigurationList section */
	};
	rootObject = 2EF47A7717E2089C0037E1ED /* Project object */;
}
